{
  "name": "snowpulse",
  "lockfileVersion": 2,
  "requires": true,
  "packages": {
    "": {
      "dependencies": {
        "@stripe/stripe-js": "^2.3.0"
      }
    },
    "node_modules/@stripe/stripe-js": {
      "version": "2.3.0",
      "resolved": "https://repo.plus4u.net/operatorGate/repository/public-javascript/@stripe/stripe-js/-/stripe-js-2.3.0.tgz",
      "integrity": "sha512-iTwzjw1ORUR+1pH21+C/M05w+Jh5hAuE4QUei7Gnku65N7QpEaHtyVszYMYDBs6iNyLrD1tfQTSrjD6NkOA/ww==",
      "license": "MIT"
    }
  },
  "dependencies": {
    "@stripe/stripe-js": {
      "version": "2.3.0",
      "resolved": "https://repo.plus4u.net/operatorGate/repository/public-javascript/@stripe/stripe-js/-/stripe-js-2.3.0.tgz",
      "integrity": "sha512-iTwzjw1ORUR+1pH21+C/M05w+Jh5hAuE4QUei7Gnku65N7QpEaHtyVszYMYDBs6iNyLrD1tfQTSrjD6NkOA/ww=="
    }
  }
}
